
Microsoft Visual Studio Solution File, Format Version 12.00
# Visual Studio Version 16
VisualStudioVersion = 16.0.31911.196
MinimumVisualStudioVersion = 10.0.40219.1
Project("{FAE04EC0-301F-11D3-BF4B-00C04F79EFBC}") = "PreAcademyA.Week3.CleanCode", "PreAcademyA.Week3.CleanCode\PreAcademyA.Week3.CleanCode.csproj", "{1BA2C378-D01B-41B8-9041-E8D9268FEC39}"
EndProject
Project("{FAE04EC0-301F-11D3-BF4B-00C04F79EFBC}") = "PreAcademiA.Week3.RicorsioneVsIterazione", "PreAcademiA.Week3.RicorsioneVsIterazione\PreAcademiA.Week3.RicorsioneVsIterazione.csproj", "{0536B2C8-597A-4DAA-B0BA-0B4BF586B11A}"
EndProject
Project("{FAE04EC0-301F-11D3-BF4B-00C04F79EFBC}") = "PreAcademyA.Week3.ValueVsReferenceType", "PreAcademyA.Week3.ValueVsReferenceType\PreAcademyA.Week3.ValueVsReferenceType.csproj", "{63FBBC9D-00F4-448D-AB73-1E8EBC9F00A9}"
EndProject
Project("{FAE04EC0-301F-11D3-BF4B-00C04F79EFBC}") = "PreAcademyA.Week3.Struct", "PreAcademyA.Week3.Struct\PreAcademyA.Week3.Struct.csproj", "{3BBE4940-9DB2-4AEF-B280-261FCB7E15D8}"
EndProject
Project("{FAE04EC0-301F-11D3-BF4B-00C04F79EFBC}") = "PreAcademyA.Week3.Esercizi.FigureGeometriche", "PreAcademyA.Week3.Esercizi.FigureGeometriche\PreAcademyA.Week3.Esercizi.FigureGeometriche.csproj", "{71CC8FF9-3F6F-4E29-A822-BB800413BFE9}"
EndProject
Project("{2150E333-8FDC-42A3-9474-1A3956D46DE8}") = "Exercise", "Exercise", "{D444FAF5-560D-419F-AA66-EFD1307AADA0}"
EndProject
Project("{FAE04EC0-301F-11D3-BF4B-00C04F79EFBC}") = "PreAcademyA.Week3.Esercizi.EsamiUniversitari", "PreAcademyA.Week3.Esercizi.EsamiUniversitari\PreAcademyA.Week3.Esercizi.EsamiUniversitari.csproj", "{D1471688-F452-4B0F-8FAA-45BC348A4870}"
EndProject
Project("{FAE04EC0-301F-11D3-BF4B-00C04F79EFBC}") = "PreAcademyA.Week3.Collections", "PreAcademyA.Week3.Collections\PreAcademyA.Week3.Collections.csproj", "{C47A2E87-E2F5-424E-B221-23C5CC178F5B}"
EndProject
Project("{FAE04EC0-301F-11D3-BF4B-00C04F79EFBC}") = "PreAcademyA.Week3.Generics", "PreAcademyA.Week3.Generics\PreAcademyA.Week3.Generics.csproj", "{6E7F688A-A873-44F4-B858-1892E4AF053E}"
EndProject
Project("{FAE04EC0-301F-11D3-BF4B-00C04F79EFBC}") = "PreAcademyA.Week3.Esercizi.Libreria", "PreAcademyA.Week3.Esercizi.Libreria\PreAcademyA.Week3.Esercizi.Libreria.csproj", "{9DEDC60F-A8DA-48D7-B4EE-1AFC1289E51B}"
EndProject
Project("{FAE04EC0-301F-11D3-BF4B-00C04F79EFBC}") = "PreAcademyA.Week3.Esercizi.Prodotti", "PreAcademyA.Week3.Esercizi.Prodotti\PreAcademyA.Week3.Esercizi.Prodotti.csproj", "{C7D0209B-EA64-4A67-A398-B7E8876AD6D2}"
EndProject
Global
	GlobalSection(SolutionConfigurationPlatforms) = preSolution
		Debug|Any CPU = Debug|Any CPU
		Release|Any CPU = Release|Any CPU
	EndGlobalSection
	GlobalSection(ProjectConfigurationPlatforms) = postSolution
		{1BA2C378-D01B-41B8-9041-E8D9268FEC39}.Debug|Any CPU.ActiveCfg = Debug|Any CPU
		{1BA2C378-D01B-41B8-9041-E8D9268FEC39}.Debug|Any CPU.Build.0 = Debug|Any CPU
		{1BA2C378-D01B-41B8-9041-E8D9268FEC39}.Release|Any CPU.ActiveCfg = Release|Any CPU
		{1BA2C378-D01B-41B8-9041-E8D9268FEC39}.Release|Any CPU.Build.0 = Release|Any CPU
		{0536B2C8-597A-4DAA-B0BA-0B4BF586B11A}.Debug|Any CPU.ActiveCfg = Debug|Any CPU
		{0536B2C8-597A-4DAA-B0BA-0B4BF586B11A}.Debug|Any CPU.Build.0 = Debug|Any CPU
		{0536B2C8-597A-4DAA-B0BA-0B4BF586B11A}.Release|Any CPU.ActiveCfg = Release|Any CPU
		{0536B2C8-597A-4DAA-B0BA-0B4BF586B11A}.Release|Any CPU.Build.0 = Release|Any CPU
		{63FBBC9D-00F4-448D-AB73-1E8EBC9F00A9}.Debug|Any CPU.ActiveCfg = Debug|Any CPU
		{63FBBC9D-00F4-448D-AB73-1E8EBC9F00A9}.Debug|Any CPU.Build.0 = Debug|Any CPU
		{63FBBC9D-00F4-448D-AB73-1E8EBC9F00A9}.Release|Any CPU.ActiveCfg = Release|Any CPU
		{63FBBC9D-00F4-448D-AB73-1E8EBC9F00A9}.Release|Any CPU.Build.0 = Release|Any CPU
		{3BBE4940-9DB2-4AEF-B280-261FCB7E15D8}.Debug|Any CPU.ActiveCfg = Debug|Any CPU
		{3BBE4940-9DB2-4AEF-B280-261FCB7E15D8}.Debug|Any CPU.Build.0 = Debug|Any CPU
		{3BBE4940-9DB2-4AEF-B280-261FCB7E15D8}.Release|Any CPU.ActiveCfg = Release|Any CPU
		{3BBE4940-9DB2-4AEF-B280-261FCB7E15D8}.Release|Any CPU.Build.0 = Release|Any CPU
		{71CC8FF9-3F6F-4E29-A822-BB800413BFE9}.Debug|Any CPU.ActiveCfg = Debug|Any CPU
		{71CC8FF9-3F6F-4E29-A822-BB800413BFE9}.Debug|Any CPU.Build.0 = Debug|Any CPU
		{71CC8FF9-3F6F-4E29-A822-BB800413BFE9}.Release|Any CPU.ActiveCfg = Release|Any CPU
		{71CC8FF9-3F6F-4E29-A822-BB800413BFE9}.Release|Any CPU.Build.0 = Release|Any CPU
		{D1471688-F452-4B0F-8FAA-45BC348A4870}.Debug|Any CPU.ActiveCfg = Debug|Any CPU
		{D1471688-F452-4B0F-8FAA-45BC348A4870}.Debug|Any CPU.Build.0 = Debug|Any CPU
		{D1471688-F452-4B0F-8FAA-45BC348A4870}.Release|Any CPU.ActiveCfg = Release|Any CPU
		{D1471688-F452-4B0F-8FAA-45BC348A4870}.Release|Any CPU.Build.0 = Release|Any CPU
		{C47A2E87-E2F5-424E-B221-23C5CC178F5B}.Debug|Any CPU.ActiveCfg = Debug|Any CPU
		{C47A2E87-E2F5-424E-B221-23C5CC178F5B}.Debug|Any CPU.Build.0 = Debug|Any CPU
		{C47A2E87-E2F5-424E-B221-23C5CC178F5B}.Release|Any CPU.ActiveCfg = Release|Any CPU
		{C47A2E87-E2F5-424E-B221-23C5CC178F5B}.Release|Any CPU.Build.0 = Release|Any CPU
		{6E7F688A-A873-44F4-B858-1892E4AF053E}.Debug|Any CPU.ActiveCfg = Debug|Any CPU
		{6E7F688A-A873-44F4-B858-1892E4AF053E}.Debug|Any CPU.Build.0 = Debug|Any CPU
		{6E7F688A-A873-44F4-B858-1892E4AF053E}.Release|Any CPU.ActiveCfg = Release|Any CPU
		{6E7F688A-A873-44F4-B858-1892E4AF053E}.Release|Any CPU.Build.0 = Release|Any CPU
		{9DEDC60F-A8DA-48D7-B4EE-1AFC1289E51B}.Debug|Any CPU.ActiveCfg = Debug|Any CPU
		{9DEDC60F-A8DA-48D7-B4EE-1AFC1289E51B}.Debug|Any CPU.Build.0 = Debug|Any CPU
		{9DEDC60F-A8DA-48D7-B4EE-1AFC1289E51B}.Release|Any CPU.ActiveCfg = Release|Any CPU
		{9DEDC60F-A8DA-48D7-B4EE-1AFC1289E51B}.Release|Any CPU.Build.0 = Release|Any CPU
		{C7D0209B-EA64-4A67-A398-B7E8876AD6D2}.Debug|Any CPU.ActiveCfg = Debug|Any CPU
		{C7D0209B-EA64-4A67-A398-B7E8876AD6D2}.Debug|Any CPU.Build.0 = Debug|Any CPU
		{C7D0209B-EA64-4A67-A398-B7E8876AD6D2}.Release|Any CPU.ActiveCfg = Release|Any CPU
		{C7D0209B-EA64-4A67-A398-B7E8876AD6D2}.Release|Any CPU.Build.0 = Release|Any CPU
	EndGlobalSection
	GlobalSection(SolutionProperties) = preSolution
		HideSolutionNode = FALSE
	EndGlobalSection
	GlobalSection(NestedProjects) = preSolution
		{71CC8FF9-3F6F-4E29-A822-BB800413BFE9} = {D444FAF5-560D-419F-AA66-EFD1307AADA0}
		{D1471688-F452-4B0F-8FAA-45BC348A4870} = {D444FAF5-560D-419F-AA66-EFD1307AADA0}
		{9DEDC60F-A8DA-48D7-B4EE-1AFC1289E51B} = {D444FAF5-560D-419F-AA66-EFD1307AADA0}
		{C7D0209B-EA64-4A67-A398-B7E8876AD6D2} = {D444FAF5-560D-419F-AA66-EFD1307AADA0}
	EndGlobalSection
	GlobalSection(ExtensibilityGlobals) = postSolution
		SolutionGuid = {6733CD1D-CF1A-472E-85EC-AF5EDFA4838E}
	EndGlobalSection
EndGlobal
